Microsoft Visual Studio Solution File, Format Version 11.00
# Visual Studio 2008

Project("{DBE417E1-4D08-EFFF-FFCE-C53DD83D9660}") = "WaterTexture_GT", "Assembly-CSharp.csproj", "{BA046C4B-C5C5-F79C-08AB-52AACF857D9F}"
EndProject
Project("{DBE417E1-4D08-EFFF-FFCE-C53DD83D9660}") = "WaterTexture_GT", "Assembly-CSharp-Editor.csproj", "{0CCBBFC2-76E7-FAED-D490-62C39DDA2FC7}"
EndProject
Global
	GlobalSection(SolutionConfigurationPlatforms) = preSolution
		Debug|Any CPU = Debug|Any CPU
		Release|Any CPU = Release|Any CPU
	EndGlobalSection
	GlobalSection(ProjectConfigurationPlatforms) = postSolution
		{BA046C4B-C5C5-F79C-08AB-52AACF857D9F}.Debug|Any CPU.ActiveCfg = Debug|Any CPU
		{BA046C4B-C5C5-F79C-08AB-52AACF857D9F}.Debug|Any CPU.Build.0 = Debug|Any CPU
		{BA046C4B-C5C5-F79C-08AB-52AACF857D9F}.Release|Any CPU.ActiveCfg = Release|Any CPU
		{BA046C4B-C5C5-F79C-08AB-52AACF857D9F}.Release|Any CPU.Build.0 = Release|Any CPU
		{0CCBBFC2-76E7-FAED-D490-62C39DDA2FC7}.Debug|Any CPU.ActiveCfg = Debug|Any CPU
		{0CCBBFC2-76E7-FAED-D490-62C39DDA2FC7}.Debug|Any CPU.Build.0 = Debug|Any CPU
		{0CCBBFC2-76E7-FAED-D490-62C39DDA2FC7}.Release|Any CPU.ActiveCfg = Release|Any CPU
		{0CCBBFC2-76E7-FAED-D490-62C39DDA2FC7}.Release|Any CPU.Build.0 = Release|Any CPU
	EndGlobalSection
	GlobalSection(SolutionProperties) = preSolution
		HideSolutionNode = FALSE
	EndGlobalSection
	GlobalSection(MonoDevelopProperties) = preSolution
		StartupItem = Assembly-CSharp.csproj
	EndGlobalSection
EndGlobal
